
Microsoft Visual Studio Solution File, Format Version 12.00
# Visual Studio Version 17
VisualStudioVersion = 17.5.33414.496
MinimumVisualStudioVersion = 10.0.40219.1
Project("{FAE04EC0-301F-11D3-BF4B-00C04F79EFBC}") = "WebAppMVC2", "WebAppMVC2\WebAppMVC2.csproj", "{AB812F11-EC6F-4F2E-8E54-DAD5FAFAE9D0}"
EndProject
Global
	GlobalSection(SolutionConfigurationPlatforms) = preSolution
		Debug|Any CPU = Debug|Any CPU
		Release|Any CPU = Release|Any CPU
	EndGlobalSection
	GlobalSection(ProjectConfigurationPlatforms) = postSolution
		{AB812F11-EC6F-4F2E-8E54-DAD5FAFAE9D0}.Debug|Any CPU.ActiveCfg = Debug|Any CPU
		{AB812F11-EC6F-4F2E-8E54-DAD5FAFAE9D0}.Debug|Any CPU.Build.0 = Debug|Any CPU
		{AB812F11-EC6F-4F2E-8E54-DAD5FAFAE9D0}.Release|Any CPU.ActiveCfg = Release|Any CPU
		{AB812F11-EC6F-4F2E-8E54-DAD5FAFAE9D0}.Release|Any CPU.Build.0 = Release|Any CPU
	EndGlobalSection
	GlobalSection(SolutionProperties) = preSolution
		HideSolutionNode = FALSE
	EndGlobalSection
	GlobalSection(ExtensibilityGlobals) = postSolution
		SolutionGuid = {13597D1B-E498-4C19-BE15-5A4CBBCB2A6D}
	EndGlobalSection
EndGlobal
